
Microsoft Visual Studio Solution File, Format Version 12.00
# Visual Studio Version 16
VisualStudioVersion = 16.0.30717.126
MinimumVisualStudioVersion = 10.0.40219.1
Project("{FAE04EC0-301F-11D3-BF4B-00C04F79EFBC}") = "ZonartUsers", "ZonartUsers\ZonartUsers.csproj", "{9A4D4354-C961-407D-A977-2C08F6A22C64}"
EndProject
Global
	GlobalSection(SolutionConfigurationPlatforms) = preSolution
		Debug|Any CPU = Debug|Any CPU
		Release|Any CPU = Release|Any CPU
	EndGlobalSection
	GlobalSection(ProjectConfigurationPlatforms) = postSolution
		{9A4D4354-C961-407D-A977-2C08F6A22C64}.Debug|Any CPU.ActiveCfg = Debug|Any CPU
		{9A4D4354-C961-407D-A977-2C08F6A22C64}.Debug|Any CPU.Build.0 = Debug|Any CPU
		{9A4D4354-C961-407D-A977-2C08F6A22C64}.Release|Any CPU.ActiveCfg = Release|Any CPU
		{9A4D4354-C961-407D-A977-2C08F6A22C64}.Release|Any CPU.Build.0 = Release|Any CPU
	EndGlobalSection
	GlobalSection(SolutionProperties) = preSolution
		HideSolutionNode = FALSE
	EndGlobalSection
	GlobalSection(ExtensibilityGlobals) = postSolution
		SolutionGuid = {F3407C04-5FED-43B8-9DD6-97A426F2F8D5}
	EndGlobalSection
EndGlobal
